
Microsoft Visual Studio Solution File, Format Version 12.00
# Visual Studio Version 17
VisualStudioVersion = 17.4.33205.214
MinimumVisualStudioVersion = 10.0.40219.1
Project("{FAE04EC0-301F-11D3-BF4B-00C04F79EFBC}") = "KurssiApiNet6", "KurssiApiNet6\KurssiApiNet6.csproj", "{B863753F-1BBD-4376-A105-71A078A3E38F}"
EndProject
Project("{FAE04EC0-301F-11D3-BF4B-00C04F79EFBC}") = "KurssiApiNet6.Tests", "KurssiApiNet6.tests\KurssiApiNet6.Tests.csproj", "{462157F5-AEFD-4B9F-8637-F3128A371DA1}"
EndProject
Global
	GlobalSection(SolutionConfigurationPlatforms) = preSolution
		Debug|Any CPU = Debug|Any CPU
		Release|Any CPU = Release|Any CPU
	EndGlobalSection
	GlobalSection(ProjectConfigurationPlatforms) = postSolution
		{B863753F-1BBD-4376-A105-71A078A3E38F}.Debug|Any CPU.ActiveCfg = Debug|Any CPU
		{B863753F-1BBD-4376-A105-71A078A3E38F}.Debug|Any CPU.Build.0 = Debug|Any CPU
		{B863753F-1BBD-4376-A105-71A078A3E38F}.Release|Any CPU.ActiveCfg = Release|Any CPU
		{B863753F-1BBD-4376-A105-71A078A3E38F}.Release|Any CPU.Build.0 = Release|Any CPU
		{462157F5-AEFD-4B9F-8637-F3128A371DA1}.Debug|Any CPU.ActiveCfg = Debug|Any CPU
		{462157F5-AEFD-4B9F-8637-F3128A371DA1}.Debug|Any CPU.Build.0 = Debug|Any CPU
		{462157F5-AEFD-4B9F-8637-F3128A371DA1}.Release|Any CPU.ActiveCfg = Release|Any CPU
		{462157F5-AEFD-4B9F-8637-F3128A371DA1}.Release|Any CPU.Build.0 = Release|Any CPU
	EndGlobalSection
	GlobalSection(SolutionProperties) = preSolution
		HideSolutionNode = FALSE
	EndGlobalSection
	GlobalSection(ExtensibilityGlobals) = postSolution
		SolutionGuid = {1429C527-A7DB-4655-A5CF-903869E45765}
	EndGlobalSection
EndGlobal
